
Microsoft Visual Studio Solution File, Format Version 12.00
# Visual Studio Version 16
VisualStudioVersion = 16.0.29111.141
MinimumVisualStudioVersion = 10.0.40219.1
Project("{9A19103F-16F7-4668-BE54-9A1E7A4F7556}") = "Eto.Forms.Controls.SkiaSharp", "Eto.Forms.Controls.SkiaSharp\Eto.Forms.Controls.SkiaSharp.csproj", "{D54B1C45-9382-476D-8E3A-192D77C871EC}"
EndProject
Project("{9A19103F-16F7-4668-BE54-9A1E7A4F7556}") = "Eto.Forms.Controls.SkiaSharp.Mac", "Eto.Forms.Controls.SkiaSharp.Mac\Eto.Forms.Controls.SkiaSharp.Mac.csproj", "{40010971-BD7F-403C-896D-BEED000C88CD}"
EndProject
Project("{9A19103F-16F7-4668-BE54-9A1E7A4F7556}") = "Eto.Forms.Controls.SkiaSharp.WinForms", "Eto.Forms.Controls.SkiaSharp.WinForms\Eto.Forms.Controls.SkiaSharp.WinForms.csproj", "{8B77D8C3-99DD-4D02-9D9F-0ECD8EFED0F9}"
EndProject
Project("{9A19103F-16F7-4668-BE54-9A1E7A4F7556}") = "Eto.Forms.Controls.SkiaSharp.WPF", "Eto.Forms.Controls.SkiaSharp.WPF\Eto.Forms.Controls.SkiaSharp.WPF.csproj", "{A27EE621-D1E6-4CDD-913B-45B307F7D50D}"
EndProject
Project("{9A19103F-16F7-4668-BE54-9A1E7A4F7556}") = "Eto.Forms.Controls.SkiaSharp.GTK", "Eto.Forms.Controls.SkiaSharp.GTK\Eto.Forms.Controls.SkiaSharp.GTK.csproj", "{7B62BC2B-1598-4FB5-ADB9-EEDA64366182}"
EndProject
Project("{FAE04EC0-301F-11D3-BF4B-00C04F79EFBC}") = "Eto.Forms.Controls.SkiaSharp.Tests", "Eto.Forms.Controls.SkiaSharp.Tests\Eto.Forms.Controls.SkiaSharp.Tests.csproj", "{8D50AF91-275A-4357-A63B-C16347EB7334}"
EndProject
Global
	GlobalSection(SolutionConfigurationPlatforms) = preSolution
		Debug|Any CPU = Debug|Any CPU
		Release|Any CPU = Release|Any CPU
	EndGlobalSection
	GlobalSection(ProjectConfigurationPlatforms) = postSolution
		{D54B1C45-9382-476D-8E3A-192D77C871EC}.Debug|Any CPU.ActiveCfg = Debug|Any CPU
		{D54B1C45-9382-476D-8E3A-192D77C871EC}.Debug|Any CPU.Build.0 = Debug|Any CPU
		{D54B1C45-9382-476D-8E3A-192D77C871EC}.Release|Any CPU.ActiveCfg = Release|Any CPU
		{D54B1C45-9382-476D-8E3A-192D77C871EC}.Release|Any CPU.Build.0 = Release|Any CPU
		{40010971-BD7F-403C-896D-BEED000C88CD}.Debug|Any CPU.ActiveCfg = Debug|Any CPU
		{40010971-BD7F-403C-896D-BEED000C88CD}.Debug|Any CPU.Build.0 = Debug|Any CPU
		{40010971-BD7F-403C-896D-BEED000C88CD}.Release|Any CPU.ActiveCfg = Release|Any CPU
		{40010971-BD7F-403C-896D-BEED000C88CD}.Release|Any CPU.Build.0 = Release|Any CPU
		{8B77D8C3-99DD-4D02-9D9F-0ECD8EFED0F9}.Debug|Any CPU.ActiveCfg = Debug|Any CPU
		{8B77D8C3-99DD-4D02-9D9F-0ECD8EFED0F9}.Debug|Any CPU.Build.0 = Debug|Any CPU
		{8B77D8C3-99DD-4D02-9D9F-0ECD8EFED0F9}.Release|Any CPU.ActiveCfg = Release|Any CPU
		{8B77D8C3-99DD-4D02-9D9F-0ECD8EFED0F9}.Release|Any CPU.Build.0 = Release|Any CPU
		{A27EE621-D1E6-4CDD-913B-45B307F7D50D}.Debug|Any CPU.ActiveCfg = Debug|Any CPU
		{A27EE621-D1E6-4CDD-913B-45B307F7D50D}.Debug|Any CPU.Build.0 = Debug|Any CPU
		{A27EE621-D1E6-4CDD-913B-45B307F7D50D}.Release|Any CPU.ActiveCfg = Release|Any CPU
		{A27EE621-D1E6-4CDD-913B-45B307F7D50D}.Release|Any CPU.Build.0 = Release|Any CPU
		{7B62BC2B-1598-4FB5-ADB9-EEDA64366182}.Debug|Any CPU.ActiveCfg = Debug|Any CPU
		{7B62BC2B-1598-4FB5-ADB9-EEDA64366182}.Debug|Any CPU.Build.0 = Debug|Any CPU
		{7B62BC2B-1598-4FB5-ADB9-EEDA64366182}.Release|Any CPU.ActiveCfg = Release|Any CPU
		{7B62BC2B-1598-4FB5-ADB9-EEDA64366182}.Release|Any CPU.Build.0 = Release|Any CPU
		{8D50AF91-275A-4357-A63B-C16347EB7334}.Debug|Any CPU.ActiveCfg = Debug|Any CPU
		{8D50AF91-275A-4357-A63B-C16347EB7334}.Debug|Any CPU.Build.0 = Debug|Any CPU
		{8D50AF91-275A-4357-A63B-C16347EB7334}.Release|Any CPU.ActiveCfg = Release|Any CPU
		{8D50AF91-275A-4357-A63B-C16347EB7334}.Release|Any CPU.Build.0 = Release|Any CPU
	EndGlobalSection
	GlobalSection(SolutionProperties) = preSolution
		HideSolutionNode = FALSE
	EndGlobalSection
	GlobalSection(ExtensibilityGlobals) = postSolution
		SolutionGuid = {6DC04B56-0058-4331-B130-013B3B73FC77}
	EndGlobalSection
EndGlobal
